<?xml version="1.0" encoding="UTF-8" standalone="yes" ?>
<CodeBlocks_project_file>
	<FileVersion major="1" minor="6" />
	<Project>
		<Option title="Perun2" />
		<Option platforms="Windows;" />
		<Option pch_mode="2" />
		<Option compiler="gcc" />
		<Build>
			<Target title="Debug">
				<Option output="bin/Debug/Uroboros" prefix_auto="1" extension_auto="1" />
				<Option object_output="obj/Debug/" />
				<Option type="1" />
				<Option compiler="gcc" />
				<Compiler>
					<Add option="-g" />
					<Add option="-std=c++17" />
					<Add option="-std=gnu++17" />
					<Add option="-ftemplate-backtrace-limit=0" />
				</Compiler>
				<Linker>
					<Add option="-static-libstdc++" />
					<Add option="-static-libgcc" />
					<Add option="-static" />
					<Add option="-municode" />
					<Add option="-unicode" />
					<Add option="-lole32" />
					<Add option="-loleaut32" />
				</Linker>
			</Target>
			<Target title="Release">
				<Option output="bin/Release/Uroboros" prefix_auto="1" extension_auto="1" />
				<Option object_output="obj/Release/" />
				<Option type="1" />
				<Option compiler="gcc" />
				<Option projectCompilerOptionsRelation="1" />
				<Compiler>
					<Add option="-fomit-frame-pointer" />
					<Add option="-fexpensive-optimizations" />
					<Add option="-flto" />
					<Add option="-O2" />
					<Add option="-std=c++17" />
					<Add option="-std=gnu++17" />
					<Add option="-ftemplate-backtrace-limit=0" />
				</Compiler>
				<Linker>
					<Add option="-O2" />
					<Add option="-flto" />
					<Add option="-s" />
					<Add option="-static-libstdc++" />
					<Add option="-static-libgcc" />
					<Add option="-static" />
					<Add option="-municode" />
					<Add option="-unicode" />
					<Add option="-lole32" />
					<Add option="-loleaut32" />
				</Linker>
			</Target>
		</Build>
		<Compiler>
			<Add option="-Wall" />
			<Add option="-std=c17" />
			<Add option="-std=c++17" />
			<Add option="-fexceptions" />
		</Compiler>
		<Linker>
			<Add option="-static-libstdc++" />
			<Add option="-static-libgcc" />
			<Add option="-static" />
			<Add option="-municode" />
			<Add option="-unicode" />
			<Add option="-lole32" />
			<Add option="-loleaut32" />
		</Linker>
		<Unit filename="arguments.cpp" />
		<Unit filename="arguments.h" />
		<Unit filename="attribute.cpp" />
		<Unit filename="attribute.h" />
		<Unit filename="brackets.cpp" />
		<Unit filename="brackets.h" />
		<Unit filename="cmd.cpp" />
		<Unit filename="cmd.h" />
		<Unit filename="command/com-aggregate.cpp" />
		<Unit filename="command/com-aggregate.h" />
		<Unit filename="command/com-arg.cpp" />
		<Unit filename="command/com-arg.h" />
		<Unit filename="command/com-condition.cpp" />
		<Unit filename="command/com-condition.h" />
		<Unit filename="command/com-core-aggr.cpp" />
		<Unit filename="command/com-core-aggr.h" />
		<Unit filename="command/com-core.cpp" />
		<Unit filename="command/com-core.h" />
		<Unit filename="command/com-create.cpp" />
		<Unit filename="command/com-create.h" />
		<Unit filename="command/com-listener.h" />
		<Unit filename="command/com-misc.cpp" />
		<Unit filename="command/com-misc.h" />
		<Unit filename="command/com-parse-kw.cpp" />
		<Unit filename="command/com-parse-kw.h" />
		<Unit filename="command/com-parse-unit.cpp" />
		<Unit filename="command/com-parse-unit.h" />
		<Unit filename="command/com-parse.cpp" />
		<Unit filename="command/com-parse.h" />
		<Unit filename="command/com-struct.cpp" />
		<Unit filename="command/com-struct.h" />
		<Unit filename="command/com-var.cpp" />
		<Unit filename="command/com-var.h" />
		<Unit filename="command/com.cpp" />
		<Unit filename="command/com.h" />
		<Unit filename="console.cpp" />
		<Unit filename="console.h" />
		<Unit filename="context.cpp" />
		<Unit filename="context.h" />
		<Unit filename="datatype/cast.cpp" />
		<Unit filename="datatype/cast.h" />
		<Unit filename="datatype/chars.cpp" />
		<Unit filename="datatype/chars.h" />
		<Unit filename="datatype/datatype.h" />
		<Unit filename="datatype/definition.h" />
		<Unit filename="datatype/exp-element.h" />
		<Unit filename="datatype/function/func-aggr.cpp" />
		<Unit filename="datatype/function/func-aggr.h" />
		<Unit filename="datatype/function/func-attr.cpp" />
		<Unit filename="datatype/function/func-attr.h" />
		<Unit filename="datatype/function/func-bool.cpp" />
		<Unit filename="datatype/function/func-bool.h" />
		<Unit filename="datatype/function/func-generic.h" />
		<Unit filename="datatype/function/func-list.cpp" />
		<Unit filename="datatype/function/func-list.h" />
		<Unit filename="datatype/function/func-number.cpp" />
		<Unit filename="datatype/function/func-number.h" />
		<Unit filename="datatype/function/func-string.cpp" />
		<Unit filename="datatype/function/func-string.h" />
		<Unit filename="datatype/function/func-time.cpp" />
		<Unit filename="datatype/function/func-time.h" />
		<Unit filename="datatype/generator.h" />
		<Unit filename="datatype/generator/gen-bool-compare.cpp" />
		<Unit filename="datatype/generator/gen-bool-compare.h" />
		<Unit filename="datatype/generator/gen-bool.cpp" />
		<Unit filename="datatype/generator/gen-bool.h" />
		<Unit filename="datatype/generator/gen-definition.cpp" />
		<Unit filename="datatype/generator/gen-definition.h" />
		<Unit filename="datatype/generator/gen-double-asterisk.cpp" />
		<Unit filename="datatype/generator/gen-double-asterisk.h" />
		<Unit filename="datatype/generator/gen-generic.h" />
		<Unit filename="datatype/generator/gen-like.cpp" />
		<Unit filename="datatype/generator/gen-like.h" />
		<Unit filename="datatype/generator/gen-list.cpp" />
		<Unit filename="datatype/generator/gen-list.h" />
		<Unit filename="datatype/generator/gen-number.cpp" />
		<Unit filename="datatype/generator/gen-number.h" />
		<Unit filename="datatype/generator/gen-os-gen.cpp" />
		<Unit filename="datatype/generator/gen-os-gen.h" />
		<Unit filename="datatype/generator/gen-os.cpp" />
		<Unit filename="datatype/generator/gen-os.h" />
		<Unit filename="datatype/generator/gen-period.cpp" />
		<Unit filename="datatype/generator/gen-period.h" />
		<Unit filename="datatype/generator/gen-string.cpp" />
		<Unit filename="datatype/generator/gen-string.h" />
		<Unit filename="datatype/generator/gen-time.cpp" />
		<Unit filename="datatype/generator/gen-time.h" />
		<Unit filename="datatype/math.cpp" />
		<Unit filename="datatype/math.h" />
		<Unit filename="datatype/number.cpp" />
		<Unit filename="datatype/number.h" />
		<Unit filename="datatype/numbers.h" />
		<Unit filename="datatype/order.cpp" />
		<Unit filename="datatype/order.h" />
		<Unit filename="datatype/parse-gen.cpp" />
		<Unit filename="datatype/parse-gen.h" />
		<Unit filename="datatype/parse/parse-asterisk.cpp" />
		<Unit filename="datatype/parse/parse-asterisk.h" />
		<Unit filename="datatype/parse/parse-bool.cpp" />
		<Unit filename="datatype/parse/parse-bool.h" />
		<Unit filename="datatype/parse/parse-definition.cpp" />
		<Unit filename="datatype/parse/parse-definition.h" />
		<Unit filename="datatype/parse/parse-function.cpp" />
		<Unit filename="datatype/parse/parse-function.h" />
		<Unit filename="datatype/parse/parse-generic.cpp" />
		<Unit filename="datatype/parse/parse-generic.h" />
		<Unit filename="datatype/parse/parse-list.cpp" />
		<Unit filename="datatype/parse/parse-list.h" />
		<Unit filename="datatype/parse/parse-number.cpp" />
		<Unit filename="datatype/parse/parse-number.h" />
		<Unit filename="datatype/parse/parse-numlist.cpp" />
		<Unit filename="datatype/parse/parse-numlist.h" />
		<Unit filename="datatype/parse/parse-order.cpp" />
		<Unit filename="datatype/parse/parse-order.h" />
		<Unit filename="datatype/parse/parse-period.cpp" />
		<Unit filename="datatype/parse/parse-period.h" />
		<Unit filename="datatype/parse/parse-string.cpp" />
		<Unit filename="datatype/parse/parse-string.h" />
		<Unit filename="datatype/parse/parse-time.cpp" />
		<Unit filename="datatype/parse/parse-time.h" />
		<Unit filename="datatype/parse/parse-timlist.cpp" />
		<Unit filename="datatype/parse/parse-timlist.h" />
		<Unit filename="datatype/parse/parse-unit.cpp" />
		<Unit filename="datatype/parse/parse-unit.h" />
		<Unit filename="datatype/patterns.h" />
		<Unit filename="datatype/period.cpp" />
		<Unit filename="datatype/period.h" />
		<Unit filename="datatype/primitives.h" />
		<Unit filename="datatype/strings.cpp" />
		<Unit filename="datatype/strings.h" />
		<Unit filename="datatype/time-const.h" />
		<Unit filename="datatype/time.cpp" />
		<Unit filename="datatype/time.h" />
		<Unit filename="datatype/wildcard.cpp" />
		<Unit filename="datatype/wildcard.h" />
		<Unit filename="exception.cpp" />
		<Unit filename="exception.h" />
		<Unit filename="hash.cpp" />
		<Unit filename="hash.h" />
		<Unit filename="keyword.cpp" />
		<Unit filename="keyword.h" />
		<Unit filename="lexer.cpp" />
		<Unit filename="lexer.h" />
		<Unit filename="logger.cpp" />
		<Unit filename="logger.h" />
		<Unit filename="main.cpp" />
		<Unit filename="metadata.h" />
		<Unit filename="os.cpp" />
		<Unit filename="os.h" />
		<Unit filename="perun2.cpp" />
		<Unit filename="perun2.h" />
		<Unit filename="side-process.h" />
		<Unit filename="terminator.cpp" />
		<Unit filename="terminator.h" />
		<Unit filename="token.cpp" />
		<Unit filename="token.h" />
		<Unit filename="tokens.cpp" />
		<Unit filename="tokens.h" />
		<Unit filename="util.h" />
		<Unit filename="var.h" />
		<Unit filename="wndres.o" />
		<Unit filename="wndres.rc">
			<Option compilerVar="WINDRES" />
		</Unit>
		<Extensions />
	</Project>
</CodeBlocks_project_file>
